
Microsoft Visual Studio Solution File, Format Version 12.00
# Visual Studio 14
VisualStudioVersion = 14.0.25420.1
MinimumVisualStudioVersion = 10.0.40219.1
Project("{059D6162-CD51-11D0-AE1F-00A0C90FFFC3}") = "apr", "..\apr\apr.dsp", "{2C0AA1F1-3E6B-404A-8E0C-37C0A83CE19A}"
EndProject
Project("{059D6162-CD51-11D0-AE1F-00A0C90FFFC3}") = "apr_crypto_nss", "crypto\apr_crypto_nss.dsp", "{447FC610-4023-4072-AEDD-7642D3D5CC48}"
	ProjectSection(ProjectDependencies) = postProject
		{F795DBB9-63CB-4D87-B79A-BDECAE16E8AF} = {F795DBB9-63CB-4D87-B79A-BDECAE16E8AF}
		{4E05613F-4946-4B99-915B-F42B6EC4B2D5} = {4E05613F-4946-4B99-915B-F42B6EC4B2D5}
	EndProjectSection
EndProject
Project("{059D6162-CD51-11D0-AE1F-00A0C90FFFC3}") = "apr_crypto_openssl", "crypto\apr_crypto_openssl.dsp", "{543E50F8-C6A6-4F1B-A766-F3C2596B7800}"
	ProjectSection(ProjectDependencies) = postProject
		{F795DBB9-63CB-4D87-B79A-BDECAE16E8AF} = {F795DBB9-63CB-4D87-B79A-BDECAE16E8AF}
		{4E05613F-4946-4B99-915B-F42B6EC4B2D5} = {4E05613F-4946-4B99-915B-F42B6EC4B2D5}
	EndProjectSection
EndProject
Project("{059D6162-CD51-11D0-AE1F-00A0C90FFFC3}") = "apr_dbd_freetds", "dbd\apr_dbd_freetds.dsp", "{3FF57E4D-E7ED-47BA-B154-D23363C39C92}"
	ProjectSection(ProjectDependencies) = postProject
		{F795DBB9-63CB-4D87-B79A-BDECAE16E8AF} = {F795DBB9-63CB-4D87-B79A-BDECAE16E8AF}
		{4E05613F-4946-4B99-915B-F42B6EC4B2D5} = {4E05613F-4946-4B99-915B-F42B6EC4B2D5}
	EndProjectSection
EndProject
Project("{059D6162-CD51-11D0-AE1F-00A0C90FFFC3}") = "apr_dbd_mysql", "dbd\apr_dbd_mysql.dsp", "{13F875E1-E021-4ECE-80D3-BB5A7344A154}"
	ProjectSection(ProjectDependencies) = postProject
		{F795DBB9-63CB-4D87-B79A-BDECAE16E8AF} = {F795DBB9-63CB-4D87-B79A-BDECAE16E8AF}
		{4E05613F-4946-4B99-915B-F42B6EC4B2D5} = {4E05613F-4946-4B99-915B-F42B6EC4B2D5}
	EndProjectSection
EndProject
Project("{059D6162-CD51-11D0-AE1F-00A0C90FFFC3}") = "apr_dbd_odbc", "dbd\apr_dbd_odbc.dsp", "{7627DC28-F353-4AD4-866B-E8E9FF20B82A}"
	ProjectSection(ProjectDependencies) = postProject
		{4E05613F-4946-4B99-915B-F42B6EC4B2D5} = {4E05613F-4946-4B99-915B-F42B6EC4B2D5}
		{F795DBB9-63CB-4D87-B79A-BDECAE16E8AF} = {F795DBB9-63CB-4D87-B79A-BDECAE16E8AF}
	EndProjectSection
EndProject
Project("{059D6162-CD51-11D0-AE1F-00A0C90FFFC3}") = "apr_dbd_oracle", "dbd\apr_dbd_oracle.dsp", "{BD48EEA6-971D-44C7-854A-4768F8C1AE4E}"
	ProjectSection(ProjectDependencies) = postProject
		{F795DBB9-63CB-4D87-B79A-BDECAE16E8AF} = {F795DBB9-63CB-4D87-B79A-BDECAE16E8AF}
		{4E05613F-4946-4B99-915B-F42B6EC4B2D5} = {4E05613F-4946-4B99-915B-F42B6EC4B2D5}
	EndProjectSection
EndProject
Project("{059D6162-CD51-11D0-AE1F-00A0C90FFFC3}") = "apr_dbd_pgsql", "dbd\apr_dbd_pgsql.dsp", "{09005EB2-FC1F-4F87-BF93-29C6B4E148F8}"
	ProjectSection(ProjectDependencies) = postProject
		{F795DBB9-63CB-4D87-B79A-BDECAE16E8AF} = {F795DBB9-63CB-4D87-B79A-BDECAE16E8AF}
		{4E05613F-4946-4B99-915B-F42B6EC4B2D5} = {4E05613F-4946-4B99-915B-F42B6EC4B2D5}
	EndProjectSection
EndProject
Project("{059D6162-CD51-11D0-AE1F-00A0C90FFFC3}") = "apr_dbd_sqlite2", "dbd\apr_dbd_sqlite2.dsp", "{715D161C-C601-4DB3-A421-FB29C2C10038}"
	ProjectSection(ProjectDependencies) = postProject
		{F795DBB9-63CB-4D87-B79A-BDECAE16E8AF} = {F795DBB9-63CB-4D87-B79A-BDECAE16E8AF}
		{4E05613F-4946-4B99-915B-F42B6EC4B2D5} = {4E05613F-4946-4B99-915B-F42B6EC4B2D5}
	EndProjectSection
EndProject
Project("{059D6162-CD51-11D0-AE1F-00A0C90FFFC3}") = "apr_dbd_sqlite3", "dbd\apr_dbd_sqlite3.dsp", "{BD51B7E0-A1ED-4777-829F-B13D19A85595}"
	ProjectSection(ProjectDependencies) = postProject
		{F795DBB9-63CB-4D87-B79A-BDECAE16E8AF} = {F795DBB9-63CB-4D87-B79A-BDECAE16E8AF}
		{4E05613F-4946-4B99-915B-F42B6EC4B2D5} = {4E05613F-4946-4B99-915B-F42B6EC4B2D5}
	EndProjectSection
EndProject
Project("{059D6162-CD51-11D0-AE1F-00A0C90FFFC3}") = "apr_dbm_db", "dbm\apr_dbm_db.dsp", "{05FB2CB3-F369-40AA-AF9A-5887F72ACFED}"
	ProjectSection(ProjectDependencies) = postProject
		{F795DBB9-63CB-4D87-B79A-BDECAE16E8AF} = {F795DBB9-63CB-4D87-B79A-BDECAE16E8AF}
		{4E05613F-4946-4B99-915B-F42B6EC4B2D5} = {4E05613F-4946-4B99-915B-F42B6EC4B2D5}
	EndProjectSection
EndProject
Project("{059D6162-CD51-11D0-AE1F-00A0C90FFFC3}") = "apr_dbm_gdbm", "dbm\apr_dbm_gdbm.dsp", "{944BC80A-1715-4CBF-A451-FB190A037017}"
	ProjectSection(ProjectDependencies) = postProject
		{F795DBB9-63CB-4D87-B79A-BDECAE16E8AF} = {F795DBB9-63CB-4D87-B79A-BDECAE16E8AF}
		{4E05613F-4946-4B99-915B-F42B6EC4B2D5} = {4E05613F-4946-4B99-915B-F42B6EC4B2D5}
	EndProjectSection
EndProject
Project("{059D6162-CD51-11D0-AE1F-00A0C90FFFC3}") = "apr_ldap", "ldap\apr_ldap.dsp", "{EB03B93E-00B9-47C5-B6F4-D62357996801}"
	ProjectSection(ProjectDependencies) = postProject
		{F795DBB9-63CB-4D87-B79A-BDECAE16E8AF} = {F795DBB9-63CB-4D87-B79A-BDECAE16E8AF}
		{4E05613F-4946-4B99-915B-F42B6EC4B2D5} = {4E05613F-4946-4B99-915B-F42B6EC4B2D5}
	EndProjectSection
EndProject
Project("{059D6162-CD51-11D0-AE1F-00A0C90FFFC3}") = "aprapp", "..\apr\build\aprapp.dsp", "{B47BE5E0-3257-462D-A3ED-D7EF90FC4DE5}"
	ProjectSection(ProjectDependencies) = postProject
		{F5E1395E-B203-444D-A91A-C40D8AB97139} = {F5E1395E-B203-444D-A91A-C40D8AB97139}
	EndProjectSection
EndProject
Project("{059D6162-CD51-11D0-AE1F-00A0C90FFFC3}") = "apriconv", "..\apr-iconv\apriconv.dsp", "{ED783A57-C86F-4751-A33B-C7CAF2B40520}"
	ProjectSection(ProjectDependencies) = postProject
		{7D5263F5-F28C-4F22-8B47-E3146AB87542} = {7D5263F5-F28C-4F22-8B47-E3146AB87542}
	EndProjectSection
EndProject
Project("{059D6162-CD51-11D0-AE1F-00A0C90FFFC3}") = "aprutil", "aprutil.dsp", "{8933B32D-3AE0-466F-9871-8201BA3DA1F3}"
	ProjectSection(ProjectDependencies) = postProject
		{36B1F0DD-2523-4D79-A81F-FF8AAEC87CD7} = {36B1F0DD-2523-4D79-A81F-FF8AAEC87CD7}
		{ED783A57-C86F-4751-A33B-C7CAF2B40520} = {ED783A57-C86F-4751-A33B-C7CAF2B40520}
		{C1DAC1C9-F5C9-4E85-A6C6-6C8085922A32} = {C1DAC1C9-F5C9-4E85-A6C6-6C8085922A32}
	EndProjectSection
EndProject
Project("{059D6162-CD51-11D0-AE1F-00A0C90FFFC3}") = "libapr", "..\apr\libapr.dsp", "{F795DBB9-63CB-4D87-B79A-BDECAE16E8AF}"
EndProject
Project("{059D6162-CD51-11D0-AE1F-00A0C90FFFC3}") = "libaprapp", "..\apr\build\libaprapp.dsp", "{129107E1-EC50-44C2-9EBE-8462D725E40C}"
	ProjectSection(ProjectDependencies) = postProject
		{9F04E57A-D3D6-4531-8385-96530456196B} = {9F04E57A-D3D6-4531-8385-96530456196B}
	EndProjectSection
EndProject
Project("{059D6162-CD51-11D0-AE1F-00A0C90FFFC3}") = "libapriconv", "..\apr-iconv\libapriconv.dsp", "{0F346387-C2DF-4152-BD9B-2D0C9CC096A2}"
	ProjectSection(ProjectDependencies) = postProject
		{F795DBB9-63CB-4D87-B79A-BDECAE16E8AF} = {F795DBB9-63CB-4D87-B79A-BDECAE16E8AF}
	EndProjectSection
EndProject
Project("{059D6162-CD51-11D0-AE1F-00A0C90FFFC3}") = "libapriconv_ccs_modules", "..\apr-iconv\ccs\libapriconv_ccs_modules.dsp", "{BA45C560-DC9A-4AE5-990B-A3D2A52849BC}"
	ProjectSection(ProjectDependencies) = postProject
		{F795DBB9-63CB-4D87-B79A-BDECAE16E8AF} = {F795DBB9-63CB-4D87-B79A-BDECAE16E8AF}
		{0F346387-C2DF-4152-BD9B-2D0C9CC096A2} = {0F346387-C2DF-4152-BD9B-2D0C9CC096A2}
	EndProjectSection
EndProject
Project("{059D6162-CD51-11D0-AE1F-00A0C90FFFC3}") = "libapriconv_ces_modules", "..\apr-iconv\ces\libapriconv_ces_modules.dsp", "{0FCBA68A-3DB4-4806-A201-7176422D5587}"
	ProjectSection(ProjectDependencies) = postProject
		{F795DBB9-63CB-4D87-B79A-BDECAE16E8AF} = {F795DBB9-63CB-4D87-B79A-BDECAE16E8AF}
		{0F346387-C2DF-4152-BD9B-2D0C9CC096A2} = {0F346387-C2DF-4152-BD9B-2D0C9CC096A2}
	EndProjectSection
EndProject
Project("{059D6162-CD51-11D0-AE1F-00A0C90FFFC3}") = "libaprutil", "libaprutil.dsp", "{4E05613F-4946-4B99-915B-F42B6EC4B2D5}"
	ProjectSection(ProjectDependencies) = postProject
		{F795DBB9-63CB-4D87-B79A-BDECAE16E8AF} = {F795DBB9-63CB-4D87-B79A-BDECAE16E8AF}
		{129107E1-EC50-44C2-9EBE-8462D725E40C} = {129107E1-EC50-44C2-9EBE-8462D725E40C}
		{0F346387-C2DF-4152-BD9B-2D0C9CC096A2} = {0F346387-C2DF-4152-BD9B-2D0C9CC096A2}
		{BA45C560-DC9A-4AE5-990B-A3D2A52849BC} = {BA45C560-DC9A-4AE5-990B-A3D2A52849BC}
		{0FCBA68A-3DB4-4806-A201-7176422D5587} = {0FCBA68A-3DB4-4806-A201-7176422D5587}
		{C1DAC1C9-F5C9-4E85-A6C6-6C8085922A32} = {C1DAC1C9-F5C9-4E85-A6C6-6C8085922A32}
	EndProjectSection
EndProject
Project("{059D6162-CD51-11D0-AE1F-00A0C90FFFC3}") = "preaprapp", "..\apr\build\preaprapp.dsp", "{F5E1395E-B203-444D-A91A-C40D8AB97139}"
	ProjectSection(ProjectDependencies) = postProject
		{2C0AA1F1-3E6B-404A-8E0C-37C0A83CE19A} = {2C0AA1F1-3E6B-404A-8E0C-37C0A83CE19A}
	EndProjectSection
EndProject
Project("{059D6162-CD51-11D0-AE1F-00A0C90FFFC3}") = "preapriconv", "..\apr-iconv\build\preapriconv.dsp", "{7D5263F5-F28C-4F22-8B47-E3146AB87542}"
	ProjectSection(ProjectDependencies) = postProject
		{2C0AA1F1-3E6B-404A-8E0C-37C0A83CE19A} = {2C0AA1F1-3E6B-404A-8E0C-37C0A83CE19A}
	EndProjectSection
EndProject
Project("{059D6162-CD51-11D0-AE1F-00A0C90FFFC3}") = "preaprutil", "build\preaprutil.dsp", "{36B1F0DD-2523-4D79-A81F-FF8AAEC87CD7}"
	ProjectSection(ProjectDependencies) = postProject
		{2C0AA1F1-3E6B-404A-8E0C-37C0A83CE19A} = {2C0AA1F1-3E6B-404A-8E0C-37C0A83CE19A}
		{B47BE5E0-3257-462D-A3ED-D7EF90FC4DE5} = {B47BE5E0-3257-462D-A3ED-D7EF90FC4DE5}
	EndProjectSection
EndProject
Project("{059D6162-CD51-11D0-AE1F-00A0C90FFFC3}") = "prelibaprapp", "..\apr\build\prelibaprapp.dsp", "{9F04E57A-D3D6-4531-8385-96530456196B}"
	ProjectSection(ProjectDependencies) = postProject
		{F795DBB9-63CB-4D87-B79A-BDECAE16E8AF} = {F795DBB9-63CB-4D87-B79A-BDECAE16E8AF}
	EndProjectSection
EndProject
Project("{059D6162-CD51-11D0-AE1F-00A0C90FFFC3}") = "xml", "xml\expat\lib\xml.dsp", "{C1DAC1C9-F5C9-4E85-A6C6-6C8085922A32}"
EndProject
Global
	GlobalSection(SolutionProperties) = preSolution
		HideSolutionNode = FALSE
	EndGlobalSection
EndGlobal
